
Microsoft Visual Studio Solution File, Format Version 12.00
# Visual Studio Version 16
VisualStudioVersion = 16.0.30907.101
MinimumVisualStudioVersion = 15.0.26124.0
Project("{9A19103F-16F7-4668-BE54-9A1E7A4F7556}") = "Domain", "Domain\Domain.csproj", "{D990D93D-D813-4509-8924-D476D74BA4E7}"
EndProject
Project("{9A19103F-16F7-4668-BE54-9A1E7A4F7556}") = "API", "API\API.csproj", "{F19A8397-15B5-4BE6-89AD-E43E37500AE9}"
EndProject
Project("{9A19103F-16F7-4668-BE54-9A1E7A4F7556}") = "Repository", "Repository\Repository.csproj", "{72C41B62-DFD6-404B-A31C-02C21BBF6F83}"
EndProject
Project("{9A19103F-16F7-4668-BE54-9A1E7A4F7556}") = "Models", "Models\Models.csproj", "{0CC2C23B-4911-43E9-B5A1-203BFF915842}"
EndProject
Project("{00D1A9C2-B5F0-4AF3-8072-F6C62B433612}") = "Database", "Database\Database.sqlproj", "{A43E4AFE-D297-49FD-A552-D1A910E9E9B7}"
EndProject
Global
	GlobalSection(SolutionConfigurationPlatforms) = preSolution
		Debug|Any CPU = Debug|Any CPU
		Debug|x64 = Debug|x64
		Debug|x86 = Debug|x86
		Release|Any CPU = Release|Any CPU
		Release|x64 = Release|x64
		Release|x86 = Release|x86
	EndGlobalSection
	GlobalSection(ProjectConfigurationPlatforms) = postSolution
		{D990D93D-D813-4509-8924-D476D74BA4E7}.Debug|Any CPU.ActiveCfg = Debug|Any CPU
		{D990D93D-D813-4509-8924-D476D74BA4E7}.Debug|Any CPU.Build.0 = Debug|Any CPU
		{D990D93D-D813-4509-8924-D476D74BA4E7}.Debug|x64.ActiveCfg = Debug|Any CPU
		{D990D93D-D813-4509-8924-D476D74BA4E7}.Debug|x64.Build.0 = Debug|Any CPU
		{D990D93D-D813-4509-8924-D476D74BA4E7}.Debug|x86.ActiveCfg = Debug|Any CPU
		{D990D93D-D813-4509-8924-D476D74BA4E7}.Debug|x86.Build.0 = Debug|Any CPU
		{D990D93D-D813-4509-8924-D476D74BA4E7}.Release|Any CPU.ActiveCfg = Release|Any CPU
		{D990D93D-D813-4509-8924-D476D74BA4E7}.Release|Any CPU.Build.0 = Release|Any CPU
		{D990D93D-D813-4509-8924-D476D74BA4E7}.Release|x64.ActiveCfg = Release|Any CPU
		{D990D93D-D813-4509-8924-D476D74BA4E7}.Release|x64.Build.0 = Release|Any CPU
		{D990D93D-D813-4509-8924-D476D74BA4E7}.Release|x86.ActiveCfg = Release|Any CPU
		{D990D93D-D813-4509-8924-D476D74BA4E7}.Release|x86.Build.0 = Release|Any CPU
		{F19A8397-15B5-4BE6-89AD-E43E37500AE9}.Debug|Any CPU.ActiveCfg = Debug|Any CPU
		{F19A8397-15B5-4BE6-89AD-E43E37500AE9}.Debug|Any CPU.Build.0 = Debug|Any CPU
		{F19A8397-15B5-4BE6-89AD-E43E37500AE9}.Debug|x64.ActiveCfg = Debug|Any CPU
		{F19A8397-15B5-4BE6-89AD-E43E37500AE9}.Debug|x64.Build.0 = Debug|Any CPU
		{F19A8397-15B5-4BE6-89AD-E43E37500AE9}.Debug|x86.ActiveCfg = Debug|Any CPU
		{F19A8397-15B5-4BE6-89AD-E43E37500AE9}.Debug|x86.Build.0 = Debug|Any CPU
		{F19A8397-15B5-4BE6-89AD-E43E37500AE9}.Release|Any CPU.ActiveCfg = Release|Any CPU
		{F19A8397-15B5-4BE6-89AD-E43E37500AE9}.Release|Any CPU.Build.0 = Release|Any CPU
		{F19A8397-15B5-4BE6-89AD-E43E37500AE9}.Release|x64.ActiveCfg = Release|Any CPU
		{F19A8397-15B5-4BE6-89AD-E43E37500AE9}.Release|x64.Build.0 = Release|Any CPU
		{F19A8397-15B5-4BE6-89AD-E43E37500AE9}.Release|x86.ActiveCfg = Release|Any CPU
		{F19A8397-15B5-4BE6-89AD-E43E37500AE9}.Release|x86.Build.0 = Release|Any CPU
		{72C41B62-DFD6-404B-A31C-02C21BBF6F83}.Debug|Any CPU.ActiveCfg = Debug|Any CPU
		{72C41B62-DFD6-404B-A31C-02C21BBF6F83}.Debug|Any CPU.Build.0 = Debug|Any CPU
		{72C41B62-DFD6-404B-A31C-02C21BBF6F83}.Debug|x64.ActiveCfg = Debug|Any CPU
		{72C41B62-DFD6-404B-A31C-02C21BBF6F83}.Debug|x64.Build.0 = Debug|Any CPU
		{72C41B62-DFD6-404B-A31C-02C21BBF6F83}.Debug|x86.ActiveCfg = Debug|Any CPU
		{72C41B62-DFD6-404B-A31C-02C21BBF6F83}.Debug|x86.Build.0 = Debug|Any CPU
		{72C41B62-DFD6-404B-A31C-02C21BBF6F83}.Release|Any CPU.ActiveCfg = Release|Any CPU
		{72C41B62-DFD6-404B-A31C-02C21BBF6F83}.Release|Any CPU.Build.0 = Release|Any CPU
		{72C41B62-DFD6-404B-A31C-02C21BBF6F83}.Release|x64.ActiveCfg = Release|Any CPU
		{72C41B62-DFD6-404B-A31C-02C21BBF6F83}.Release|x64.Build.0 = Release|Any CPU
		{72C41B62-DFD6-404B-A31C-02C21BBF6F83}.Release|x86.ActiveCfg = Release|Any CPU
		{72C41B62-DFD6-404B-A31C-02C21BBF6F83}.Release|x86.Build.0 = Release|Any CPU
		{0CC2C23B-4911-43E9-B5A1-203BFF915842}.Debug|Any CPU.ActiveCfg = Debug|Any CPU
		{0CC2C23B-4911-43E9-B5A1-203BFF915842}.Debug|Any CPU.Build.0 = Debug|Any CPU
		{0CC2C23B-4911-43E9-B5A1-203BFF915842}.Debug|x64.ActiveCfg = Debug|Any CPU
		{0CC2C23B-4911-43E9-B5A1-203BFF915842}.Debug|x64.Build.0 = Debug|Any CPU
		{0CC2C23B-4911-43E9-B5A1-203BFF915842}.Debug|x86.ActiveCfg = Debug|Any CPU
		{0CC2C23B-4911-43E9-B5A1-203BFF915842}.Debug|x86.Build.0 = Debug|Any CPU
		{0CC2C23B-4911-43E9-B5A1-203BFF915842}.Release|Any CPU.ActiveCfg = Release|Any CPU
		{0CC2C23B-4911-43E9-B5A1-203BFF915842}.Release|Any CPU.Build.0 = Release|Any CPU
		{0CC2C23B-4911-43E9-B5A1-203BFF915842}.Release|x64.ActiveCfg = Release|Any CPU
		{0CC2C23B-4911-43E9-B5A1-203BFF915842}.Release|x64.Build.0 = Release|Any CPU
		{0CC2C23B-4911-43E9-B5A1-203BFF915842}.Release|x86.ActiveCfg = Release|Any CPU
		{0CC2C23B-4911-43E9-B5A1-203BFF915842}.Release|x86.Build.0 = Release|Any CPU
		{A43E4AFE-D297-49FD-A552-D1A910E9E9B7}.Debug|Any CPU.ActiveCfg = Debug|Any CPU
		{A43E4AFE-D297-49FD-A552-D1A910E9E9B7}.Debug|Any CPU.Build.0 = Debug|Any CPU
		{A43E4AFE-D297-49FD-A552-D1A910E9E9B7}.Debug|Any CPU.Deploy.0 = Debug|Any CPU
		{A43E4AFE-D297-49FD-A552-D1A910E9E9B7}.Debug|x64.ActiveCfg = Debug|Any CPU
		{A43E4AFE-D297-49FD-A552-D1A910E9E9B7}.Debug|x64.Build.0 = Debug|Any CPU
		{A43E4AFE-D297-49FD-A552-D1A910E9E9B7}.Debug|x64.Deploy.0 = Debug|Any CPU
		{A43E4AFE-D297-49FD-A552-D1A910E9E9B7}.Debug|x86.ActiveCfg = Debug|Any CPU
		{A43E4AFE-D297-49FD-A552-D1A910E9E9B7}.Debug|x86.Build.0 = Debug|Any CPU
		{A43E4AFE-D297-49FD-A552-D1A910E9E9B7}.Debug|x86.Deploy.0 = Debug|Any CPU
		{A43E4AFE-D297-49FD-A552-D1A910E9E9B7}.Release|Any CPU.ActiveCfg = Release|Any CPU
		{A43E4AFE-D297-49FD-A552-D1A910E9E9B7}.Release|Any CPU.Build.0 = Release|Any CPU
		{A43E4AFE-D297-49FD-A552-D1A910E9E9B7}.Release|Any CPU.Deploy.0 = Release|Any CPU
		{A43E4AFE-D297-49FD-A552-D1A910E9E9B7}.Release|x64.ActiveCfg = Release|Any CPU
		{A43E4AFE-D297-49FD-A552-D1A910E9E9B7}.Release|x64.Build.0 = Release|Any CPU
		{A43E4AFE-D297-49FD-A552-D1A910E9E9B7}.Release|x64.Deploy.0 = Release|Any CPU
		{A43E4AFE-D297-49FD-A552-D1A910E9E9B7}.Release|x86.ActiveCfg = Release|Any CPU
		{A43E4AFE-D297-49FD-A552-D1A910E9E9B7}.Release|x86.Build.0 = Release|Any CPU
		{A43E4AFE-D297-49FD-A552-D1A910E9E9B7}.Release|x86.Deploy.0 = Release|Any CPU
	EndGlobalSection
	GlobalSection(SolutionProperties) = preSolution
		HideSolutionNode = FALSE
	EndGlobalSection
	GlobalSection(ExtensibilityGlobals) = postSolution
		SolutionGuid = {DA2358C6-A15B-4075-9952-3671CC424086}
	EndGlobalSection
EndGlobal
